
Microsoft Visual Studio Solution File, Format Version 12.00
# Visual Studio Version 17
VisualStudioVersion = 17.13.35931.197 d17.13
MinimumVisualStudioVersion = 10.0.40219.1
Project("{FAE04EC0-301F-11D3-BF4B-00C04F79EFBC}") = "SpaceExplorationSimulator", "SpaceExplorationSimulator.csproj", "{130903D8-DA3C-4D62-BC63-2BF3777EDCAB}"
EndProject
Global
	GlobalSection(SolutionConfigurationPlatforms) = preSolution
		Debug|Any CPU = Debug|Any CPU
		Release|Any CPU = Release|Any CPU
	EndGlobalSection
	GlobalSection(ProjectConfigurationPlatforms) = postSolution
		{130903D8-DA3C-4D62-BC63-2BF3777EDCAB}.Debug|Any CPU.ActiveCfg = Debug|Any CPU
		{130903D8-DA3C-4D62-BC63-2BF3777EDCAB}.Debug|Any CPU.Build.0 = Debug|Any CPU
		{130903D8-DA3C-4D62-BC63-2BF3777EDCAB}.Release|Any CPU.ActiveCfg = Release|Any CPU
		{130903D8-DA3C-4D62-BC63-2BF3777EDCAB}.Release|Any CPU.Build.0 = Release|Any CPU
	EndGlobalSection
	GlobalSection(SolutionProperties) = preSolution
		HideSolutionNode = FALSE
	EndGlobalSection
	GlobalSection(ExtensibilityGlobals) = postSolution
		SolutionGuid = {B7FD871B-D676-4E6C-BD84-4D5BEDF27483}
	EndGlobalSection
EndGlobal
